# THIS IS AN AUTOGENERATED FILE. DO NOT EDIT THIS FILE DIRECTLY.
# yarn lockfile v1


"@twitter-api-v2/plugin-rate-limit@^1.1.0":
  version "1.1.0"
  resolved "https://registry.yarnpkg.com/@twitter-api-v2/plugin-rate-limit/-/plugin-rate-limit-1.1.0.tgz#a80bbc86f4629575c13ab2f688dafe8b7eb05058"
  integrity sha512-5nUk0w0s1yzzMe+NLN5BlKzwgl9OHkF1Makb5Xje1ntCO1H1fGq0qli80WRvcrpcwKZcSckRkXd4HEksh2LZ6g==

twitter-api-v2@^1.12.0:
  version "1.12.0"
  resolved "https://registry.yarnpkg.com/twitter-api-v2/-/twitter-api-v2-1.12.0.tgz#0c69fd9578a4e870404bb449cd3634275c152d2e"
  integrity sha512-8Fv+sUYY0P1gloiBSgG1w/NSuGUIP32lDKMPVzIMX3jd4zDhiJFtCft41fKs+JqcD8m7s+4vkMO/XwyY2+NULQ==
